# This file is autogenerated, do not edit; changes may be undone by the next 'dep ensure'.


[[projects]]
  name = "github.com/alecthomas/gometalinter"
  packages = ["."]
  revision = "bae2f1293d092fd8167939d5108d1b025eaef9de"
  version = "v1.2.1"

[[projects]]
  branch = "master"
  name = "github.com/alecthomas/units"
  packages = ["."]
  revision = "2efee857e7cfd4f3d0138cc3cbb1b4966962b93a"

[[projects]]
  name = "github.com/client9/misspell"
  packages = [".","cmd/misspell"]
  revision = "59894abde931a32630d4e884a09c682ed20c5c7c"
  version = "v0.3.0"

[[projects]]
  branch = "master"
  name = "github.com/golang/lint"
  packages = [".","golint"]
  revision = "c5fb716d6688a859aae56d26d3e6070808df29f7"

[[projects]]
  branch = "master"
  name = "github.com/google/shlex"
  packages = ["."]
  revision = "6f45313302b9c56850fc17f99e40caebce98c716"

[[projects]]
  branch = "master"
  name = "github.com/gordonklaus/ineffassign"
  packages = ["."]
  revision = "da3d65debb9bff70fcfb6f277a8db31e8200de20"

[[projects]]
  branch = "master"
  name = "github.com/kisielk/gotool"
  packages = ["."]
  revision = "0de1eaf82fa3f583ce21fde859f1e7e0c5e9b220"

[[projects]]
  name = "github.com/nicksnyder/go-i18n"
  packages = ["i18n","i18n/bundle","i18n/language","i18n/translation"]
  revision = "3e70a1a463008cea6726380c908b1a6a8bdf7b24"
  version = "v1.8.1"

[[projects]]
  name = "github.com/pelletier/go-buffruneio"
  packages = ["."]
  revision = "c37440a7cf42ac63b919c752ca73a85067e05992"
  version = "v0.2.0"

[[projects]]
  name = "github.com/pelletier/go-toml"
  packages = ["."]
  revision = "5ccdfb18c776b740aecaf085c4d9a2779199c279"
  version = "v1.0.0"

[[projects]]
  name = "github.com/ryanuber/go-glob"
  packages = ["."]
  revision = "572520ed46dbddaed19ea3d9541bdd0494163693"
  version = "v0.1"

[[projects]]
  branch = "master"
  name = "github.com/tsenart/deadcode"
  packages = ["."]
  revision = "210d2dc333e90c7e3eedf4f2242507a8e83ed4ab"

[[projects]]
  branch = "master"
  name = "golang.org/x/tools"
  packages = ["go/ast/astutil","go/buildutil","go/gcexportdata","go/gcimporter15","go/loader","go/types/typeutil"]
  revision = "1807494da808122833b9bd8e3e5fa179ef237d41"

[[projects]]
  branch = "v3-unstable"
  name = "gopkg.in/alecthomas/kingpin.v3-unstable"
  packages = ["."]
  revision = "23bcc3c4eae3c47e1384a1aef1d611e5603b8dfc"

[[projects]]
  branch = "v2"
  name = "gopkg.in/yaml.v2"
  packages = ["."]
  revision = "eb3733d160e74a9c7e442f435eb3bea458e1d19f"

[[projects]]
  branch = "master"
  name = "honnef.co/go/lint"
  packages = [".","lintutil"]
  revision = "9ad746f5a7e0e84de969c026c26693d6b2f0af27"

[[projects]]
  branch = "master"
  name = "honnef.co/go/simple"
  packages = [".","cmd/gosimple"]
  revision = "f274a8b1cf664433daac541609e0dfb818a2a87c"

[[projects]]
  branch = "master"
  name = "honnef.co/go/ssa"
  packages = ["."]
  revision = "1cf7f34afde4f3f9cb9f7b15f8f2727ebcaa179a"

[solve-meta]
  analyzer-name = "dep"
  analyzer-version = 1
  inputs-digest = "25e84a3b2d66b62d7ed0f9bc396088386a39c2ac2c2bad976e6f5d50aed182bb"
  solver-name = "gps-cdcl"
  solver-version = 1
